
Microsoft Visual Studio Solution File, Format Version 12.00
# Visual Studio Version 16
VisualStudioVersion = 16.0.29709.97
MinimumVisualStudioVersion = 10.0.40219.1
Project("{FAE04EC0-301F-11D3-BF4B-00C04F79EFBC}") = "MailSMTP", "MailSMTP\MailSMTP.csproj", "{EE7FC2FD-C937-4431-A445-150330BE431F}"
EndProject
Project("{FAE04EC0-301F-11D3-BF4B-00C04F79EFBC}") = "testeMailSMTP", "testeMailSMTP\testeMailSMTP.csproj", "{6A695C2D-470C-4095-8577-5EF00EB4CE49}"
EndProject
Global
	GlobalSection(SolutionConfigurationPlatforms) = preSolution
		Debug|Any CPU = Debug|Any CPU
		Release|Any CPU = Release|Any CPU
	EndGlobalSection
	GlobalSection(ProjectConfigurationPlatforms) = postSolution
		{EE7FC2FD-C937-4431-A445-150330BE431F}.Debug|Any CPU.ActiveCfg = Debug|Any CPU
		{EE7FC2FD-C937-4431-A445-150330BE431F}.Debug|Any CPU.Build.0 = Debug|Any CPU
		{EE7FC2FD-C937-4431-A445-150330BE431F}.Release|Any CPU.ActiveCfg = Release|Any CPU
		{EE7FC2FD-C937-4431-A445-150330BE431F}.Release|Any CPU.Build.0 = Release|Any CPU
		{6A695C2D-470C-4095-8577-5EF00EB4CE49}.Debug|Any CPU.ActiveCfg = Debug|Any CPU
		{6A695C2D-470C-4095-8577-5EF00EB4CE49}.Debug|Any CPU.Build.0 = Debug|Any CPU
		{6A695C2D-470C-4095-8577-5EF00EB4CE49}.Release|Any CPU.ActiveCfg = Release|Any CPU
		{6A695C2D-470C-4095-8577-5EF00EB4CE49}.Release|Any CPU.Build.0 = Release|Any CPU
	EndGlobalSection
	GlobalSection(SolutionProperties) = preSolution
		HideSolutionNode = FALSE
	EndGlobalSection
	GlobalSection(ExtensibilityGlobals) = postSolution
		SolutionGuid = {DDF97649-2477-41AC-845F-0E6EEC365A3B}
	EndGlobalSection
EndGlobal
